// !$*UTF8*$!
{
	archiveVersion = 1;
	classes = {
	};
	objectVersion = 50;
	objects = {

/* Begin PBXBuildFile section */
		69CEF6F12328F7AA00F8A3B6 /* AppDelegate.swift in Sources */ = {isa = PBXBuildFile; fileRef = 69CEF6F02328F7AA00F8A3B6 /* AppDelegate.swift */; };
		69CEF6F32328F7AA00F8A3B6 /* ViewController.swift in Sources */ = {isa = PBXBuildFile; fileRef = 69CEF6F22328F7AA00F8A3B6 /* ViewController.swift */; };
		69CEF6F62328F7AA00F8A3B6 /* Main.storyboard in Resources */ = {isa = PBXBuildFile; fileRef = 69CEF6F42328F7AA00F8A3B6 /* Main.storyboard */; };
		69CEF6F82328F7AC00F8A3B6 /* Assets.xcassets in Resources */ = {isa = PBXBuildFile; fileRef = 69CEF6F72328F7AC00F8A3B6 /* Assets.xcassets */; };
		69CEF6FB2328F7AC00F8A3B6 /* LaunchScreen.storyboard in Resources */ = {isa = PBXBuildFile; fileRef = 69CEF6F92328F7AC00F8A3B6 /* LaunchScreen.storyboard */; };
		69CEF7062328F7AC00F8A3B6 /* ResumeGeneratorTests.swift in Sources */ = {isa = PBXBuildFile; fileRef = 69CEF7052328F7AC00F8A3B6 /* ResumeGeneratorTests.swift */; };
		69CEF7112328F7AC00F8A3B6 /* ResumeGeneratorUITests.swift in Sources */ = {isa = PBXBuildFile; fileRef = 69CEF7102328F7AC00F8A3B6 /* ResumeGeneratorUITests.swift */; };
		C3EB780E232E19490023EC3D /* ServiceHandler.swift in Sources */ = {isa = PBXBuildFile; fileRef = C3EB780D232E19490023EC3D /* ServiceHandler.swift */; };
		C3EB7811232E1B330023EC3D /* ResumeInfoViewController.swift in Sources */ = {isa = PBXBuildFile; fileRef = C3EB780F232E1B330023EC3D /* ResumeInfoViewController.swift */; };
		C3EB7812232E1B330023EC3D /* ResumeInfoViewController.xib in Resources */ = {isa = PBXBuildFile; fileRef = C3EB7810232E1B330023EC3D /* ResumeInfoViewController.xib */; };
		C3EB7814232E1B710023EC3D /* ResumeInfoPresenter.swift in Sources */ = {isa = PBXBuildFile; fileRef = C3EB7813232E1B710023EC3D /* ResumeInfoPresenter.swift */; };
		C3EB7816232E1B8A0023EC3D /* ResumeInfoInteractor.swift in Sources */ = {isa = PBXBuildFile; fileRef = C3EB7815232E1B8A0023EC3D /* ResumeInfoInteractor.swift */; };
		C3EB7818232E1B9E0023EC3D /* ResumeInfoEntity.swift in Sources */ = {isa = PBXBuildFile; fileRef = C3EB7817232E1B9E0023EC3D /* ResumeInfoEntity.swift */; };
		C3EB781A232E1BB20023EC3D /* ResumeInfoRouter.swift in Sources */ = {isa = PBXBuildFile; fileRef = C3EB7819232E1BB20023EC3D /* ResumeInfoRouter.swift */; };
		C3EB781D232E1C430023EC3D /* HomeViewController.swift in Sources */ = {isa = PBXBuildFile; fileRef = C3EB781B232E1C430023EC3D /* HomeViewController.swift */; };
		C3EB7820232E1C5C0023EC3D /* HomePresenter.swift in Sources */ = {isa = PBXBuildFile; fileRef = C3EB781F232E1C5C0023EC3D /* HomePresenter.swift */; };
		C3EB7822232E1C710023EC3D /* HomeInteractor.swift in Sources */ = {isa = PBXBuildFile; fileRef = C3EB7821232E1C710023EC3D /* HomeInteractor.swift */; };
		C3EB7824232E1C840023EC3D /* HomeEntity.swift in Sources */ = {isa = PBXBuildFile; fileRef = C3EB7823232E1C840023EC3D /* HomeEntity.swift */; };
		C3EB7826232E1CBE0023EC3D /* HomeRouter.swift in Sources */ = {isa = PBXBuildFile; fileRef = C3EB7825232E1CBE0023EC3D /* HomeRouter.swift */; };
		C3EB7828232E1D200023EC3D /* Constants.swift in Sources */ = {isa = PBXBuildFile; fileRef = C3EB7827232E1D200023EC3D /* Constants.swift */; };
		EDCBD3782330A6D200D78615 /* ResumeDetailTableViewCell.swift in Sources */ = {isa = PBXBuildFile; fileRef = EDCBD3772330A6D200D78615 /* ResumeDetailTableViewCell.swift */; };
		EDCBD37C2330C00E00D78615 /* ResumeInfoProtocols.swift in Sources */ = {isa = PBXBuildFile; fileRef = EDCBD37B2330C00E00D78615 /* ResumeInfoProtocols.swift */; };
		EDD53DAE232FB0FD00EDF589 /* HomeProtocols.swift in Sources */ = {isa = PBXBuildFile; fileRef = EDD53DAD232FB0FD00EDF589 /* HomeProtocols.swift */; };
/* End PBXBuildFile section */

/* Begin PBXContainerItemProxy section */
		69CEF7022328F7AC00F8A3B6 /* PBXContainerItemProxy */ = {
			isa = PBXContainerItemProxy;
			containerPortal = 69CEF6E52328F7AA00F8A3B6 /* Project object */;
			proxyType = 1;
			remoteGlobalIDString = 69CEF6EC2328F7AA00F8A3B6;
			remoteInfo = ResumeGenerator;
		};
		69CEF70D2328F7AC00F8A3B6 /* PBXContainerItemProxy */ = {
			isa = PBXContainerItemProxy;
			containerPortal = 69CEF6E52328F7AA00F8A3B6 /* Project object */;
			proxyType = 1;
			remoteGlobalIDString = 69CEF6EC2328F7AA00F8A3B6;
			remoteInfo = ResumeGenerator;
		};
/* End PBXContainerItemProxy section */

/* Begin PBXFileReference section */
		69CEF6ED2328F7AA00F8A3B6 /* ResumeGenerator.app */ = {isa = PBXFileReference; explicitFileType = wrapper.application; includeInIndex = 0; path = ResumeGenerator.app; sourceTree = BUILT_PRODUCTS_DIR; };
		69CEF6F02328F7AA00F8A3B6 /* AppDelegate.swift */ = {isa = PBXFileReference; lastKnownFileType = sourcecode.swift; path = AppDelegate.swift; sourceTree = "<group>"; };
		69CEF6F22328F7AA00F8A3B6 /* ViewController.swift */ = {isa = PBXFileReference; lastKnownFileType = sourcecode.swift; path = ViewController.swift; sourceTree = "<group>"; };
		69CEF6F52328F7AA00F8A3B6 /* Base */ = {isa = PBXFileReference; lastKnownFileType = file.storyboard; name = Base; path = Base.lproj/Main.storyboard; sourceTree = "<group>"; };
		69CEF6F72328F7AC00F8A3B6 /* Assets.xcassets */ = {isa = PBXFileReference; lastKnownFileType = folder.assetcatalog; path = Assets.xcassets; sourceTree = "<group>"; };
		69CEF6FA2328F7AC00F8A3B6 /* Base */ = {isa = PBXFileReference; lastKnownFileType = file.storyboard; name = Base; path = Base.lproj/LaunchScreen.storyboard; sourceTree = "<group>"; };
		69CEF6FC2328F7AC00F8A3B6 /* Info.plist */ = {isa = PBXFileReference; lastKnownFileType = text.plist.xml; path = Info.plist; sourceTree = "<group>"; };
		69CEF7012328F7AC00F8A3B6 /* ResumeGeneratorTests.xctest */ = {isa = PBXFileReference; explicitFileType = wrapper.cfbundle; includeInIndex = 0; path = ResumeGeneratorTests.xctest; sourceTree = BUILT_PRODUCTS_DIR; };
		69CEF7052328F7AC00F8A3B6 /* ResumeGeneratorTests.swift */ = {isa = PBXFileReference; lastKnownFileType = sourcecode.swift; path = ResumeGeneratorTests.swift; sourceTree = "<group>"; };
		69CEF7072328F7AC00F8A3B6 /* Info.plist */ = {isa = PBXFileReference; lastKnownFileType = text.plist.xml; path = Info.plist; sourceTree = "<group>"; };
		69CEF70C2328F7AC00F8A3B6 /* ResumeGeneratorUITests.xctest */ = {isa = PBXFileReference; explicitFileType = wrapper.cfbundle; includeInIndex = 0; path = ResumeGeneratorUITests.xctest; sourceTree = BUILT_PRODUCTS_DIR; };
		69CEF7102328F7AC00F8A3B6 /* ResumeGeneratorUITests.swift */ = {isa = PBXFileReference; lastKnownFileType = sourcecode.swift; path = ResumeGeneratorUITests.swift; sourceTree = "<group>"; };
		69CEF7122328F7AC00F8A3B6 /* Info.plist */ = {isa = PBXFileReference; lastKnownFileType = text.plist.xml; path = Info.plist; sourceTree = "<group>"; };
		C3EB780D232E19490023EC3D /* ServiceHandler.swift */ = {isa = PBXFileReference; lastKnownFileType = sourcecode.swift; path = ServiceHandler.swift; sourceTree = "<group>"; };
		C3EB780F232E1B330023EC3D /* ResumeInfoViewController.swift */ = {isa = PBXFileReference; lastKnownFileType = sourcecode.swift; path = ResumeInfoViewController.swift; sourceTree = "<group>"; };
		C3EB7810232E1B330023EC3D /* ResumeInfoViewController.xib */ = {isa = PBXFileReference; lastKnownFileType = file.xib; path = ResumeInfoViewController.xib; sourceTree = "<group>"; };
		C3EB7813232E1B710023EC3D /* ResumeInfoPresenter.swift */ = {isa = PBXFileReference; lastKnownFileType = sourcecode.swift; path = ResumeInfoPresenter.swift; sourceTree = "<group>"; };
		C3EB7815232E1B8A0023EC3D /* ResumeInfoInteractor.swift */ = {isa = PBXFileReference; lastKnownFileType = sourcecode.swift; path = ResumeInfoInteractor.swift; sourceTree = "<group>"; };
		C3EB7817232E1B9E0023EC3D /* ResumeInfoEntity.swift */ = {isa = PBXFileReference; lastKnownFileType = sourcecode.swift; path = ResumeInfoEntity.swift; sourceTree = "<group>"; };
		C3EB7819232E1BB20023EC3D /* ResumeInfoRouter.swift */ = {isa = PBXFileReference; lastKnownFileType = sourcecode.swift; path = ResumeInfoRouter.swift; sourceTree = "<group>"; };
		C3EB781B232E1C430023EC3D /* HomeViewController.swift */ = {isa = PBXFileReference; lastKnownFileType = sourcecode.swift; path = HomeViewController.swift; sourceTree = "<group>"; };
		C3EB781F232E1C5C0023EC3D /* HomePresenter.swift */ = {isa = PBXFileReference; lastKnownFileType = sourcecode.swift; path = HomePresenter.swift; sourceTree = "<group>"; };
		C3EB7821232E1C710023EC3D /* HomeInteractor.swift */ = {isa = PBXFileReference; lastKnownFileType = sourcecode.swift; path = HomeInteractor.swift; sourceTree = "<group>"; };
		C3EB7823232E1C840023EC3D /* HomeEntity.swift */ = {isa = PBXFileReference; lastKnownFileType = sourcecode.swift; path = HomeEntity.swift; sourceTree = "<group>"; };
		C3EB7825232E1CBE0023EC3D /* HomeRouter.swift */ = {isa = PBXFileReference; lastKnownFileType = sourcecode.swift; path = HomeRouter.swift; sourceTree = "<group>"; };
		C3EB7827232E1D200023EC3D /* Constants.swift */ = {isa = PBXFileReference; lastKnownFileType = sourcecode.swift; path = Constants.swift; sourceTree = "<group>"; };
		EDCBD3772330A6D200D78615 /* ResumeDetailTableViewCell.swift */ = {isa = PBXFileReference; lastKnownFileType = sourcecode.swift; path = ResumeDetailTableViewCell.swift; sourceTree = "<group>"; };
		EDCBD37B2330C00E00D78615 /* ResumeInfoProtocols.swift */ = {isa = PBXFileReference; lastKnownFileType = sourcecode.swift; path = ResumeInfoProtocols.swift; sourceTree = "<group>"; };
		EDD53DAD232FB0FD00EDF589 /* HomeProtocols.swift */ = {isa = PBXFileReference; lastKnownFileType = sourcecode.swift; path = HomeProtocols.swift; sourceTree = "<group>"; };
/* End PBXFileReference section */

/* Begin PBXFrameworksBuildPhase section */
		69CEF6EA2328F7AA00F8A3B6 /* Frameworks */ = {
			isa = PBXFrameworksBuildPhase;
			buildActionMask = 2147483647;
			files = (
			);
			runOnlyForDeploymentPostprocessing = 0;
		};
		69CEF6FE2328F7AC00F8A3B6 /* Frameworks */ = {
			isa = PBXFrameworksBuildPhase;
			buildActionMask = 2147483647;
			files = (
			);
			runOnlyForDeploymentPostprocessing = 0;
		};
		69CEF7092328F7AC00F8A3B6 /* Frameworks */ = {
			isa = PBXFrameworksBuildPhase;
			buildActionMask = 2147483647;
			files = (
			);
			runOnlyForDeploymentPostprocessing = 0;
		};
/* End PBXFrameworksBuildPhase section */

/* Begin PBXGroup section */
		69CEF6E42328F7AA00F8A3B6 = {
			isa = PBXGroup;
			children = (
				69CEF6EF2328F7AA00F8A3B6 /* ResumeGenerator */,
				69CEF7042328F7AC00F8A3B6 /* ResumeGeneratorTests */,
				69CEF70F2328F7AC00F8A3B6 /* ResumeGeneratorUITests */,
				69CEF6EE2328F7AA00F8A3B6 /* Products */,
			);
			sourceTree = "<group>";
		};
		69CEF6EE2328F7AA00F8A3B6 /* Products */ = {
			isa = PBXGroup;
			children = (
				69CEF6ED2328F7AA00F8A3B6 /* ResumeGenerator.app */,
				69CEF7012328F7AC00F8A3B6 /* ResumeGeneratorTests.xctest */,
				69CEF70C2328F7AC00F8A3B6 /* ResumeGeneratorUITests.xctest */,
			);
			name = Products;
			sourceTree = "<group>";
		};
		69CEF6EF2328F7AA00F8A3B6 /* ResumeGenerator */ = {
			isa = PBXGroup;
			children = (
				C3EB780C232E18EB0023EC3D /* Utilities */,
				C3EB780B232E18C90023EC3D /* HttpHandler */,
				C3EB7800232E16660023EC3D /* ResumeInfoView */,
				C3EB77FF232E163D0023EC3D /* HomeView */,
				69CEF6F02328F7AA00F8A3B6 /* AppDelegate.swift */,
				69CEF6F22328F7AA00F8A3B6 /* ViewController.swift */,
				69CEF6F42328F7AA00F8A3B6 /* Main.storyboard */,
				69CEF6F72328F7AC00F8A3B6 /* Assets.xcassets */,
				69CEF6F92328F7AC00F8A3B6 /* LaunchScreen.storyboard */,
				69CEF6FC2328F7AC00F8A3B6 /* Info.plist */,
			);
			path = ResumeGenerator;
			sourceTree = "<group>";
		};
		69CEF7042328F7AC00F8A3B6 /* ResumeGeneratorTests */ = {
			isa = PBXGroup;
			children = (
				69CEF7052328F7AC00F8A3B6 /* ResumeGeneratorTests.swift */,
				69CEF7072328F7AC00F8A3B6 /* Info.plist */,
			);
			path = ResumeGeneratorTests;
			sourceTree = "<group>";
		};
		69CEF70F2328F7AC00F8A3B6 /* ResumeGeneratorUITests */ = {
			isa = PBXGroup;
			children = (
				69CEF7102328F7AC00F8A3B6 /* ResumeGeneratorUITests.swift */,
				69CEF7122328F7AC00F8A3B6 /* Info.plist */,
			);
			path = ResumeGeneratorUITests;
			sourceTree = "<group>";
		};
		C3EB77FF232E163D0023EC3D /* HomeView */ = {
			isa = PBXGroup;
			children = (
				C3EB7806232E17380023EC3D /* View */,
				C3EB7808232E17560023EC3D /* Presenter */,
				C3EB7807232E17440023EC3D /* Interactor */,
				C3EB7809232E17630023EC3D /* Entity */,
				C3EB780A232E176E0023EC3D /* Router */,
				EDD53DAD232FB0FD00EDF589 /* HomeProtocols.swift */,
			);
			path = HomeView;
			sourceTree = "<group>";
		};
		C3EB7800232E16660023EC3D /* ResumeInfoView */ = {
			isa = PBXGroup;
			children = (
				C3EB7801232E16FA0023EC3D /* View */,
				C3EB7802232E17000023EC3D /* Presenter */,
				C3EB7803232E17080023EC3D /* Interactor */,
				C3EB7804232E17130023EC3D /* Entity */,
				C3EB7805232E171C0023EC3D /* Router */,
				EDCBD37B2330C00E00D78615 /* ResumeInfoProtocols.swift */,
			);
			path = ResumeInfoView;
			sourceTree = "<group>";
		};
		C3EB7801232E16FA0023EC3D /* View */ = {
			isa = PBXGroup;
			children = (
				C3EB780F232E1B330023EC3D /* ResumeInfoViewController.swift */,
				C3EB7810232E1B330023EC3D /* ResumeInfoViewController.xib */,
				EDCBD3772330A6D200D78615 /* ResumeDetailTableViewCell.swift */,
			);
			path = View;
			sourceTree = "<group>";
		};
		C3EB7802232E17000023EC3D /* Presenter */ = {
			isa = PBXGroup;
			children = (
				C3EB7813232E1B710023EC3D /* ResumeInfoPresenter.swift */,
			);
			path = Presenter;
			sourceTree = "<group>";
		};
		C3EB7803232E17080023EC3D /* Interactor */ = {
			isa = PBXGroup;
			children = (
				C3EB7815232E1B8A0023EC3D /* ResumeInfoInteractor.swift */,
			);
			path = Interactor;
			sourceTree = "<group>";
		};
		C3EB7804232E17130023EC3D /* Entity */ = {
			isa = PBXGroup;
			children = (
				C3EB7817232E1B9E0023EC3D /* ResumeInfoEntity.swift */,
			);
			path = Entity;
			sourceTree = "<group>";
		};
		C3EB7805232E171C0023EC3D /* Router */ = {
			isa = PBXGroup;
			children = (
				C3EB7819232E1BB20023EC3D /* ResumeInfoRouter.swift */,
			);
			path = Router;
			sourceTree = "<group>";
		};
		C3EB7806232E17380023EC3D /* View */ = {
			isa = PBXGroup;
			children = (
				C3EB781B232E1C430023EC3D /* HomeViewController.swift */,
			);
			path = View;
			sourceTree = "<group>";
		};
		C3EB7807232E17440023EC3D /* Interactor */ = {
			isa = PBXGroup;
			children = (
				C3EB7821232E1C710023EC3D /* HomeInteractor.swift */,
			);
			path = Interactor;
			sourceTree = "<group>";
		};
		C3EB7808232E17560023EC3D /* Presenter */ = {
			isa = PBXGroup;
			children = (
				C3EB781F232E1C5C0023EC3D /* HomePresenter.swift */,
			);
			path = Presenter;
			sourceTree = "<group>";
		};
		C3EB7809232E17630023EC3D /* Entity */ = {
			isa = PBXGroup;
			children = (
				C3EB7823232E1C840023EC3D /* HomeEntity.swift */,
			);
			path = Entity;
			sourceTree = "<group>";
		};
		C3EB780A232E176E0023EC3D /* Router */ = {
			isa = PBXGroup;
			children = (
				C3EB7825232E1CBE0023EC3D /* HomeRouter.swift */,
			);
			path = Router;
			sourceTree = "<group>";
		};
		C3EB780B232E18C90023EC3D /* HttpHandler */ = {
			isa = PBXGroup;
			children = (
				C3EB780D232E19490023EC3D /* ServiceHandler.swift */,
			);
			path = HttpHandler;
			sourceTree = "<group>";
		};
		C3EB780C232E18EB0023EC3D /* Utilities */ = {
			isa = PBXGroup;
			children = (
				C3EB7827232E1D200023EC3D /* Constants.swift */,
			);
			path = Utilities;
			sourceTree = "<group>";
		};
/* End PBXGroup section */

/* Begin PBXNativeTarget section */
		69CEF6EC2328F7AA00F8A3B6 /* ResumeGenerator */ = {
			isa = PBXNativeTarget;
			buildConfigurationList = 69CEF7152328F7AC00F8A3B6 /* Build configuration list for PBXNativeTarget "ResumeGenerator" */;
			buildPhases = (
				69CEF6E92328F7AA00F8A3B6 /* Sources */,
				69CEF6EA2328F7AA00F8A3B6 /* Frameworks */,
				69CEF6EB2328F7AA00F8A3B6 /* Resources */,
			);
			buildRules = (
			);
			dependencies = (
			);
			name = ResumeGenerator;
			productName = ResumeGenerator;
			productReference = 69CEF6ED2328F7AA00F8A3B6 /* ResumeGenerator.app */;
			productType = "com.apple.product-type.application";
		};
		69CEF7002328F7AC00F8A3B6 /* ResumeGeneratorTests */ = {
			isa = PBXNativeTarget;
			buildConfigurationList = 69CEF7182328F7AC00F8A3B6 /* Build configuration list for PBXNativeTarget "ResumeGeneratorTests" */;
			buildPhases = (
				69CEF6FD2328F7AC00F8A3B6 /* Sources */,
				69CEF6FE2328F7AC00F8A3B6 /* Frameworks */,
				69CEF6FF2328F7AC00F8A3B6 /* Resources */,
			);
			buildRules = (
			);
			dependencies = (
				69CEF7032328F7AC00F8A3B6 /* PBXTargetDependency */,
			);
			name = ResumeGeneratorTests;
			productName = ResumeGeneratorTests;
			productReference = 69CEF7012328F7AC00F8A3B6 /* ResumeGeneratorTests.xctest */;
			productType = "com.apple.product-type.bundle.unit-test";
		};
		69CEF70B2328F7AC00F8A3B6 /* ResumeGeneratorUITests */ = {
			isa = PBXNativeTarget;
			buildConfigurationList = 69CEF71B2328F7AC00F8A3B6 /* Build configuration list for PBXNativeTarget "ResumeGeneratorUITests" */;
			buildPhases = (
				69CEF7082328F7AC00F8A3B6 /* Sources */,
				69CEF7092328F7AC00F8A3B6 /* Frameworks */,
				69CEF70A2328F7AC00F8A3B6 /* Resources */,
			);
			buildRules = (
			);
			dependencies = (
				69CEF70E2328F7AC00F8A3B6 /* PBXTargetDependency */,
			);
			name = ResumeGeneratorUITests;
			productName = ResumeGeneratorUITests;
			productReference = 69CEF70C2328F7AC00F8A3B6 /* ResumeGeneratorUITests.xctest */;
			productType = "com.apple.product-type.bundle.ui-testing";
		};
/* End PBXNativeTarget section */

/* Begin PBXProject section */
		69CEF6E52328F7AA00F8A3B6 /* Project object */ = {
			isa = PBXProject;
			attributes = {
				LastSwiftUpdateCheck = 1010;
				LastUpgradeCheck = 1010;
				ORGANIZATIONNAME = "Karthi Samigoundanpalayamshanmugam02";
				TargetAttributes = {
					69CEF6EC2328F7AA00F8A3B6 = {
						CreatedOnToolsVersion = 10.1;
					};
					69CEF7002328F7AC00F8A3B6 = {
						CreatedOnToolsVersion = 10.1;
						TestTargetID = 69CEF6EC2328F7AA00F8A3B6;
					};
					69CEF70B2328F7AC00F8A3B6 = {
						CreatedOnToolsVersion = 10.1;
						TestTargetID = 69CEF6EC2328F7AA00F8A3B6;
					};
				};
			};
			buildConfigurationList = 69CEF6E82328F7AA00F8A3B6 /* Build configuration list for PBXProject "ResumeGenerator" */;
			compatibilityVersion = "Xcode 9.3";
			developmentRegion = en;
			hasScannedForEncodings = 0;
			knownRegions = (
				en,
				Base,
			);
			mainGroup = 69CEF6E42328F7AA00F8A3B6;
			productRefGroup = 69CEF6EE2328F7AA00F8A3B6 /* Products */;
			projectDirPath = "";
			projectRoot = "";
			targets = (
				69CEF6EC2328F7AA00F8A3B6 /* ResumeGenerator */,
				69CEF7002328F7AC00F8A3B6 /* ResumeGeneratorTests */,
				69CEF70B2328F7AC00F8A3B6 /* ResumeGeneratorUITests */,
			);
		};
/* End PBXProject section */

/* Begin PBXResourcesBuildPhase section */
		69CEF6EB2328F7AA00F8A3B6 /* Resources */ = {
			isa = PBXResourcesBuildPhase;
			buildActionMask = 2147483647;
			files = (
				69CEF6FB2328F7AC00F8A3B6 /* LaunchScreen.storyboard in Resources */,
				C3EB7812232E1B330023EC3D /* ResumeInfoViewController.xib in Resources */,
				69CEF6F82328F7AC00F8A3B6 /* Assets.xcassets in Resources */,
				69CEF6F62328F7AA00F8A3B6 /* Main.storyboard in Resources */,
			);
			runOnlyForDeploymentPostprocessing = 0;
		};
		69CEF6FF2328F7AC00F8A3B6 /* Resources */ = {
			isa = PBXResourcesBuildPhase;
			buildActionMask = 2147483647;
			files = (
			);
			runOnlyForDeploymentPostprocessing = 0;
		};
		69CEF70A2328F7AC00F8A3B6 /* Resources */ = {
			isa = PBXResourcesBuildPhase;
			buildActionMask = 2147483647;
			files = (
			);
			runOnlyForDeploymentPostprocessing = 0;
		};
/* End PBXResourcesBuildPhase section */

/* Begin PBXSourcesBuildPhase section */
		69CEF6E92328F7AA00F8A3B6 /* Sources */ = {
			isa = PBXSourcesBuildPhase;
			buildActionMask = 2147483647;
			files = (
				69CEF6F32328F7AA00F8A3B6 /* ViewController.swift in Sources */,
				EDCBD3782330A6D200D78615 /* ResumeDetailTableViewCell.swift in Sources */,
				EDD53DAE232FB0FD00EDF589 /* HomeProtocols.swift in Sources */,
				C3EB7824232E1C840023EC3D /* HomeEntity.swift in Sources */,
				C3EB7822232E1C710023EC3D /* HomeInteractor.swift in Sources */,
				EDCBD37C2330C00E00D78615 /* ResumeInfoProtocols.swift in Sources */,
				C3EB7811232E1B330023EC3D /* ResumeInfoViewController.swift in Sources */,
				C3EB7814232E1B710023EC3D /* ResumeInfoPresenter.swift in Sources */,
				C3EB7820232E1C5C0023EC3D /* HomePresenter.swift in Sources */,
				C3EB7826232E1CBE0023EC3D /* HomeRouter.swift in Sources */,
				C3EB7818232E1B9E0023EC3D /* ResumeInfoEntity.swift in Sources */,
				C3EB780E232E19490023EC3D /* ServiceHandler.swift in Sources */,
				C3EB781D232E1C430023EC3D /* HomeViewController.swift in Sources */,
				69CEF6F12328F7AA00F8A3B6 /* AppDelegate.swift in Sources */,
				C3EB7828232E1D200023EC3D /* Constants.swift in Sources */,
				C3EB7816232E1B8A0023EC3D /* ResumeInfoInteractor.swift in Sources */,
				C3EB781A232E1BB20023EC3D /* ResumeInfoRouter.swift in Sources */,
			);
			runOnlyForDeploymentPostprocessing = 0;
		};
		69CEF6FD2328F7AC00F8A3B6 /* Sources */ = {
			isa = PBXSourcesBuildPhase;
			buildActionMask = 2147483647;
			files = (
				69CEF7062328F7AC00F8A3B6 /* ResumeGeneratorTests.swift in Sources */,
			);
			runOnlyForDeploymentPostprocessing = 0;
		};
		69CEF7082328F7AC00F8A3B6 /* Sources */ = {
			isa = PBXSourcesBuildPhase;
			buildActionMask = 2147483647;
			files = (
				69CEF7112328F7AC00F8A3B6 /* ResumeGeneratorUITests.swift in Sources */,
			);
			runOnlyForDeploymentPostprocessing = 0;
		};
/* End PBXSourcesBuildPhase section */

/* Begin PBXTargetDependency section */
		69CEF7032328F7AC00F8A3B6 /* PBXTargetDependency */ = {
			isa = PBXTargetDependency;
			target = 69CEF6EC2328F7AA00F8A3B6 /* ResumeGenerator */;
			targetProxy = 69CEF7022328F7AC00F8A3B6 /* PBXContainerItemProxy */;
		};
		69CEF70E2328F7AC00F8A3B6 /* PBXTargetDependency */ = {
			isa = PBXTargetDependency;
			target = 69CEF6EC2328F7AA00F8A3B6 /* ResumeGenerator */;
			targetProxy = 69CEF70D2328F7AC00F8A3B6 /* PBXContainerItemProxy */;
		};
/* End PBXTargetDependency section */

/* Begin PBXVariantGroup section */
		69CEF6F42328F7AA00F8A3B6 /* Main.storyboard */ = {
			isa = PBXVariantGroup;
			children = (
				69CEF6F52328F7AA00F8A3B6 /* Base */,
			);
			name = Main.storyboard;
			sourceTree = "<group>";
		};
		69CEF6F92328F7AC00F8A3B6 /* LaunchScreen.storyboard */ = {
			isa = PBXVariantGroup;
			children = (
				69CEF6FA2328F7AC00F8A3B6 /* Base */,
			);
			name = LaunchScreen.storyboard;
			sourceTree = "<group>";
		};
/* End PBXVariantGroup section */

/* Begin XCBuildConfiguration section */
		69CEF7132328F7AC00F8A3B6 /* Debug */ = {
			isa = XCBuildConfiguration;
			buildSettings = {
				ALWAYS_SEARCH_USER_PATHS = NO;
				CLANG_ANALYZER_NONNULL = YES;
				CLANG_ANALYZER_NUMBER_OBJECT_CONVERSION = YES_AGGRESSIVE;
				CLANG_CXX_LANGUAGE_STANDARD = "gnu++14";
				CLANG_CXX_LIBRARY = "libc++";
				CLANG_ENABLE_MODULES = YES;
				CLANG_ENABLE_OBJC_ARC = YES;
				CLANG_ENABLE_OBJC_WEAK = YES;
				CLANG_WARN_BLOCK_CAPTURE_AUTORELEASING = YES;
				CLANG_WARN_BOOL_CONVERSION = YES;
				CLANG_WARN_COMMA = YES;
				CLANG_WARN_CONSTANT_CONVERSION = YES;
				CLANG_WARN_DEPRECATED_OBJC_IMPLEMENTATIONS = YES;
				CLANG_WARN_DIRECT_OBJC_ISA_USAGE = YES_ERROR;
				CLANG_WARN_DOCUMENTATION_COMMENTS = YES;
				CLANG_WARN_EMPTY_BODY = YES;
				CLANG_WARN_ENUM_CONVERSION = YES;
				CLANG_WARN_INFINITE_RECURSION = YES;
				CLANG_WARN_INT_CONVERSION = YES;
				CLANG_WARN_NON_LITERAL_NULL_CONVERSION = YES;
				CLANG_WARN_OBJC_IMPLICIT_RETAIN_SELF = YES;
				CLANG_WARN_OBJC_LITERAL_CONVERSION = YES;
				CLANG_WARN_OBJC_ROOT_CLASS = YES_ERROR;
				CLANG_WARN_RANGE_LOOP_ANALYSIS = YES;
				CLANG_WARN_STRICT_PROTOTYPES = YES;
				CLANG_WARN_SUSPICIOUS_MOVE = YES;
				CLANG_WARN_UNGUARDED_AVAILABILITY = YES_AGGRESSIVE;
				CLANG_WARN_UNREACHABLE_CODE = YES;
				CLANG_WARN__DUPLICATE_METHOD_MATCH = YES;
				CODE_SIGN_IDENTITY = "iPhone Developer";
				COPY_PHASE_STRIP = NO;
				DEBUG_INFORMATION_FORMAT = dwarf;
				ENABLE_STRICT_OBJC_MSGSEND = YES;
				ENABLE_TESTABILITY = YES;
				GCC_C_LANGUAGE_STANDARD = gnu11;
				GCC_DYNAMIC_NO_PIC = NO;
				GCC_NO_COMMON_BLOCKS = YES;
				GCC_OPTIMIZATION_LEVEL = 0;
				GCC_PREPROCESSOR_DEFINITIONS = (
					"DEBUG=1",
					"$(inherited)",
				);
				GCC_WARN_64_TO_32_BIT_CONVERSION = YES;
				GCC_WARN_ABOUT_RETURN_TYPE = YES_ERROR;
				GCC_WARN_UNDECLARED_SELECTOR = YES;
				GCC_WARN_UNINITIALIZED_AUTOS = YES_AGGRESSIVE;
				GCC_WARN_UNUSED_FUNCTION = YES;
				GCC_WARN_UNUSED_VARIABLE = YES;
				IPHONEOS_DEPLOYMENT_TARGET = 12.1;
				MTL_ENABLE_DEBUG_INFO = INCLUDE_SOURCE;
				MTL_FAST_MATH = YES;
				ONLY_ACTIVE_ARCH = YES;
				SDKROOT = iphoneos;
				SWIFT_ACTIVE_COMPILATION_CONDITIONS = DEBUG;
				SWIFT_OPTIMIZATION_LEVEL = "-Onone";
			};
			name = Debug;
		};
		69CEF7142328F7AC00F8A3B6 /* Release */ = {
			isa = XCBuildConfiguration;
			buildSettings = {
				ALWAYS_SEARCH_USER_PATHS = NO;
				CLANG_ANALYZER_NONNULL = YES;
				CLANG_ANALYZER_NUMBER_OBJECT_CONVERSION = YES_AGGRESSIVE;
				CLANG_CXX_LANGUAGE_STANDARD = "gnu++14";
				CLANG_CXX_LIBRARY = "libc++";
				CLANG_ENABLE_MODULES = YES;
				CLANG_ENABLE_OBJC_ARC = YES;
				CLANG_ENABLE_OBJC_WEAK = YES;
				CLANG_WARN_BLOCK_CAPTURE_AUTORELEASING = YES;
				CLANG_WARN_BOOL_CONVERSION = YES;
				CLANG_WARN_COMMA = YES;
				CLANG_WARN_CONSTANT_CONVERSION = YES;
				CLANG_WARN_DEPRECATED_OBJC_IMPLEMENTATIONS = YES;
				CLANG_WARN_DIRECT_OBJC_ISA_USAGE = YES_ERROR;
				CLANG_WARN_DOCUMENTATION_COMMENTS = YES;
				CLANG_WARN_EMPTY_BODY = YES;
				CLANG_WARN_ENUM_CONVERSION = YES;
				CLANG_WARN_INFINITE_RECURSION = YES;
				CLANG_WARN_INT_CONVERSION = YES;
				CLANG_WARN_NON_LITERAL_NULL_CONVERSION = YES;
				CLANG_WARN_OBJC_IMPLICIT_RETAIN_SELF = YES;
				CLANG_WARN_OBJC_LITERAL_CONVERSION = YES;
				CLANG_WARN_OBJC_ROOT_CLASS = YES_ERROR;
				CLANG_WARN_RANGE_LOOP_ANALYSIS = YES;
				CLANG_WARN_STRICT_PROTOTYPES = YES;
				CLANG_WARN_SUSPICIOUS_MOVE = YES;
				CLANG_WARN_UNGUARDED_AVAILABILITY = YES_AGGRESSIVE;
				CLANG_WARN_UNREACHABLE_CODE = YES;
				CLANG_WARN__DUPLICATE_METHOD_MATCH = YES;
				CODE_SIGN_IDENTITY = "iPhone Developer";
				COPY_PHASE_STRIP = NO;
				DEBUG_INFORMATION_FORMAT = "dwarf-with-dsym";
				ENABLE_NS_ASSERTIONS = NO;
				ENABLE_STRICT_OBJC_MSGSEND = YES;
				GCC_C_LANGUAGE_STANDARD = gnu11;
				GCC_NO_COMMON_BLOCKS = YES;
				GCC_WARN_64_TO_32_BIT_CONVERSION = YES;
				GCC_WARN_ABOUT_RETURN_TYPE = YES_ERROR;
				GCC_WARN_UNDECLARED_SELECTOR = YES;
				GCC_WARN_UNINITIALIZED_AUTOS = YES_AGGRESSIVE;
				GCC_WARN_UNUSED_FUNCTION = YES;
				GCC_WARN_UNUSED_VARIABLE = YES;
				IPHONEOS_DEPLOYMENT_TARGET = 12.1;
				MTL_ENABLE_DEBUG_INFO = NO;
				MTL_FAST_MATH = YES;
				SDKROOT = iphoneos;
				SWIFT_COMPILATION_MODE = wholemodule;
				SWIFT_OPTIMIZATION_LEVEL = "-O";
				VALIDATE_PRODUCT = YES;
			};
			name = Release;
		};
		69CEF7162328F7AC00F8A3B6 /* Debug */ = {
			isa = XCBuildConfiguration;
			buildSettings = {
				ASSETCATALOG_COMPILER_APPICON_NAME = AppIcon;
				CODE_SIGN_STYLE = Automatic;
				INFOPLIST_FILE = ResumeGenerator/Info.plist;
				LD_RUNPATH_SEARCH_PATHS = (
					"$(inherited)",
					"@executable_path/Frameworks",
				);
				PRODUCT_BUNDLE_IDENTIFIER = com.Infosys.ResumeGenerator;
				PRODUCT_NAME = "$(TARGET_NAME)";
				SWIFT_VERSION = 4.2;
				TARGETED_DEVICE_FAMILY = "1,2";
			};
			name = Debug;
		};
		69CEF7172328F7AC00F8A3B6 /* Release */ = {
			isa = XCBuildConfiguration;
			buildSettings = {
				ASSETCATALOG_COMPILER_APPICON_NAME = AppIcon;
				CODE_SIGN_STYLE = Automatic;
				INFOPLIST_FILE = ResumeGenerator/Info.plist;
				LD_RUNPATH_SEARCH_PATHS = (
					"$(inherited)",
					"@executable_path/Frameworks",
				);
				PRODUCT_BUNDLE_IDENTIFIER = com.Infosys.ResumeGenerator;
				PRODUCT_NAME = "$(TARGET_NAME)";
				SWIFT_VERSION = 4.2;
				TARGETED_DEVICE_FAMILY = "1,2";
			};
			name = Release;
		};
		69CEF7192328F7AC00F8A3B6 /* Debug */ = {
			isa = XCBuildConfiguration;
			buildSettings = {
				ALWAYS_EMBED_SWIFT_STANDARD_LIBRARIES = YES;
				BUNDLE_LOADER = "$(TEST_HOST)";
				CODE_SIGN_STYLE = Automatic;
				INFOPLIST_FILE = ResumeGeneratorTests/Info.plist;
				LD_RUNPATH_SEARCH_PATHS = (
					"$(inherited)",
					"@executable_path/Frameworks",
					"@loader_path/Frameworks",
				);
				PRODUCT_BUNDLE_IDENTIFIER = com.Infosys.ResumeGeneratorTests;
				PRODUCT_NAME = "$(TARGET_NAME)";
				SWIFT_VERSION = 4.2;
				TARGETED_DEVICE_FAMILY = "1,2";
				TEST_HOST = "$(BUILT_PRODUCTS_DIR)/ResumeGenerator.app/ResumeGenerator";
			};
			name = Debug;
		};
		69CEF71A2328F7AC00F8A3B6 /* Release */ = {
			isa = XCBuildConfiguration;
			buildSettings = {
				ALWAYS_EMBED_SWIFT_STANDARD_LIBRARIES = YES;
				BUNDLE_LOADER = "$(TEST_HOST)";
				CODE_SIGN_STYLE = Automatic;
				INFOPLIST_FILE = ResumeGeneratorTests/Info.plist;
				LD_RUNPATH_SEARCH_PATHS = (
					"$(inherited)",
					"@executable_path/Frameworks",
					"@loader_path/Frameworks",
				);
				PRODUCT_BUNDLE_IDENTIFIER = com.Infosys.ResumeGeneratorTests;
				PRODUCT_NAME = "$(TARGET_NAME)";
				SWIFT_VERSION = 4.2;
				TARGETED_DEVICE_FAMILY = "1,2";
				TEST_HOST = "$(BUILT_PRODUCTS_DIR)/ResumeGenerator.app/ResumeGenerator";
			};
			name = Release;
		};
		69CEF71C2328F7AC00F8A3B6 /* Debug */ = {
			isa = XCBuildConfiguration;
			buildSettings = {
				ALWAYS_EMBED_SWIFT_STANDARD_LIBRARIES = YES;
				CODE_SIGN_STYLE = Automatic;
				INFOPLIST_FILE = ResumeGeneratorUITests/Info.plist;
				LD_RUNPATH_SEARCH_PATHS = (
					"$(inherited)",
					"@executable_path/Frameworks",
					"@loader_path/Frameworks",
				);
				PRODUCT_BUNDLE_IDENTIFIER = com.Infosys.ResumeGeneratorUITests;
				PRODUCT_NAME = "$(TARGET_NAME)";
				SWIFT_VERSION = 4.2;
				TARGETED_DEVICE_FAMILY = "1,2";
				TEST_TARGET_NAME = ResumeGenerator;
			};
			name = Debug;
		};
		69CEF71D2328F7AC00F8A3B6 /* Release */ = {
			isa = XCBuildConfiguration;
			buildSettings = {
				ALWAYS_EMBED_SWIFT_STANDARD_LIBRARIES = YES;
				CODE_SIGN_STYLE = Automatic;
				INFOPLIST_FILE = ResumeGeneratorUITests/Info.plist;
				LD_RUNPATH_SEARCH_PATHS = (
					"$(inherited)",
					"@executable_path/Frameworks",
					"@loader_path/Frameworks",
				);
				PRODUCT_BUNDLE_IDENTIFIER = com.Infosys.ResumeGeneratorUITests;
				PRODUCT_NAME = "$(TARGET_NAME)";
				SWIFT_VERSION = 4.2;
				TARGETED_DEVICE_FAMILY = "1,2";
				TEST_TARGET_NAME = ResumeGenerator;
			};
			name = Release;
		};
/* End XCBuildConfiguration section */

/* Begin XCConfigurationList section */
		69CEF6E82328F7AA00F8A3B6 /* Build configuration list for PBXProject "ResumeGenerator" */ = {
			isa = XCConfigurationList;
			buildConfigurations = (
				69CEF7132328F7AC00F8A3B6 /* Debug */,
				69CEF7142328F7AC00F8A3B6 /* Release */,
			);
			defaultConfigurationIsVisible = 0;
			defaultConfigurationName = Release;
		};
		69CEF7152328F7AC00F8A3B6 /* Build configuration list for PBXNativeTarget "ResumeGenerator" */ = {
			isa = XCConfigurationList;
			buildConfigurations = (
				69CEF7162328F7AC00F8A3B6 /* Debug */,
				69CEF7172328F7AC00F8A3B6 /* Release */,
			);
			defaultConfigurationIsVisible = 0;
			defaultConfigurationName = Release;
		};
		69CEF7182328F7AC00F8A3B6 /* Build configuration list for PBXNativeTarget "ResumeGeneratorTests" */ = {
			isa = XCConfigurationList;
			buildConfigurations = (
				69CEF7192328F7AC00F8A3B6 /* Debug */,
				69CEF71A2328F7AC00F8A3B6 /* Release */,
			);
			defaultConfigurationIsVisible = 0;
			defaultConfigurationName = Release;
		};
		69CEF71B2328F7AC00F8A3B6 /* Build configuration list for PBXNativeTarget "ResumeGeneratorUITests" */ = {
			isa = XCConfigurationList;
			buildConfigurations = (
				69CEF71C2328F7AC00F8A3B6 /* Debug */,
				69CEF71D2328F7AC00F8A3B6 /* Release */,
			);
			defaultConfigurationIsVisible = 0;
			defaultConfigurationName = Release;
		};
/* End XCConfigurationList section */
	};
	rootObject = 69CEF6E52328F7AA00F8A3B6 /* Project object */;
}
